
Microsoft Visual Studio Solution File, Format Version 12.00
# Visual Studio Version 17
VisualStudioVersion = 17.5.33103.201
MinimumVisualStudioVersion = 10.0.40219.1
Project("{FAE04EC0-301F-11D3-BF4B-00C04F79EFBC}") = "WA.0203", "WA.0203\WA.0203.csproj", "{0B485C47-D3A0-47EC-A735-7E93FB4BD874}"
EndProject
Global
	GlobalSection(SolutionConfigurationPlatforms) = preSolution
		Debug|Any CPU = Debug|Any CPU
		Release|Any CPU = Release|Any CPU
	EndGlobalSection
	GlobalSection(ProjectConfigurationPlatforms) = postSolution
		{0B485C47-D3A0-47EC-A735-7E93FB4BD874}.Debug|Any CPU.ActiveCfg = Debug|Any CPU
		{0B485C47-D3A0-47EC-A735-7E93FB4BD874}.Debug|Any CPU.Build.0 = Debug|Any CPU
		{0B485C47-D3A0-47EC-A735-7E93FB4BD874}.Release|Any CPU.ActiveCfg = Release|Any CPU
		{0B485C47-D3A0-47EC-A735-7E93FB4BD874}.Release|Any CPU.Build.0 = Release|Any CPU
	EndGlobalSection
	GlobalSection(SolutionProperties) = preSolution
		HideSolutionNode = FALSE
	EndGlobalSection
	GlobalSection(ExtensibilityGlobals) = postSolution
		SolutionGuid = {1CB08072-29F7-4764-955D-4D68AA492581}
	EndGlobalSection
EndGlobal
